
Microsoft Visual Studio Solution File, Format Version 12.00
# Visual Studio Version 17
VisualStudioVersion = 17.13.35818.85
MinimumVisualStudioVersion = 10.0.40219.1
Project("{2150E333-8FDC-42A3-9474-1A3956D46DE8}") = "Driving", "Driving", "{02EA681E-C7D8-13C7-8484-4AC65E1B71E8}"
	ProjectSection(SolutionItems) = preProject
		src\.gitlab-ci.yml = src\.gitlab-ci.yml
		.gitlab-ci.yml = .gitlab-ci.yml
		coverage.runsettings.xml = coverage.runsettings.xml
	EndProjectSection
EndProject
Project("{FAE04EC0-301F-11D3-BF4B-00C04F79EFBC}") = "Vidsnap.Api", "src\Driving\Vidsnap.Api\Vidsnap.Api.csproj", "{53DFF54D-0A33-EB0E-B02F-7390909BD654}"
EndProject
Project("{2150E333-8FDC-42A3-9474-1A3956D46DE8}") = "Core", "Core", "{50A705D3-F93A-4764-A917-2819894E618A}"
EndProject
Project("{2150E333-8FDC-42A3-9474-1A3956D46DE8}") = "Driven", "Driven", "{A87CD217-24D4-4EC2-8AF7-186E0BDADF97}"
EndProject
Project("{FAE04EC0-301F-11D3-BF4B-00C04F79EFBC}") = "Vidsnap.Domain", "src\Core\Vidsnap.Domain\Vidsnap.Domain.csproj", "{FBCF9536-F4A4-4910-8426-D2F5550D7052}"
EndProject
Project("{FAE04EC0-301F-11D3-BF4B-00C04F79EFBC}") = "Vidsnap.Application", "src\Core\Vidsnap.Application\Vidsnap.Application.csproj", "{86B35250-0E2A-4E37-BFDF-CC5BDE381BA0}"
EndProject
Project("{2150E333-8FDC-42A3-9474-1A3956D46DE8}") = "Tests", "Tests", "{7C8CD3EE-D780-4D35-B1CA-671E1462372E}"
EndProject
Project("{FAE04EC0-301F-11D3-BF4B-00C04F79EFBC}") = "Vidsnap.UnitTest", "src\Tests\Vidsnap.UnitTest\Vidsnap.UnitTest.csproj", "{581902A2-2833-42BB-B1AE-3D3E7D7C0FB9}"
EndProject
Project("{FAE04EC0-301F-11D3-BF4B-00C04F79EFBC}") = "Vidsnap.S3Bucket", "src\Driven\Vidsnap.Bucket\Vidsnap.S3Bucket.csproj", "{83B2027E-F2EA-C0F4-D38A-271FCD605EF6}"
EndProject
Project("{FAE04EC0-301F-11D3-BF4B-00C04F79EFBC}") = "Vidsnap.DataBase", "src\Driven\Vidsnap.DataBase\Vidsnap.DataBase.csproj", "{7CB24C38-157B-8691-811B-F94CADDA8E0F}"
EndProject
Project("{FAE04EC0-301F-11D3-BF4B-00C04F79EFBC}") = "Vidsnap.SQS", "src\Driven\Vidsnap.SQS\Vidsnap.SQS.csproj", "{5698D830-3B68-ECB0-9ECC-EC13D06CC2EE}"
EndProject
Project("{FAE04EC0-301F-11D3-BF4B-00C04F79EFBC}") = "Vidsnap.Worker.AtualizaStatusProcessamento", "src\Driving\Vidsnap.Worker.AtualizaStatus\Vidsnap.Worker.AtualizaStatusProcessamento\Vidsnap.Worker.AtualizaStatusProcessamento.csproj", "{E2CEB948-3C1E-416C-8980-4390021FE58D}"
EndProject
Project("{E53339B2-1760-4266-BCC7-CA923CBCF16C}") = "docker-compose", "src\docker-compose.dcproj", "{81DDED9D-158B-E303-5F62-77A2896D2A5A}"
EndProject
Global
	GlobalSection(SolutionConfigurationPlatforms) = preSolution
		Debug|Any CPU = Debug|Any CPU
		Release|Any CPU = Release|Any CPU
	EndGlobalSection
	GlobalSection(ProjectConfigurationPlatforms) = postSolution
		{53DFF54D-0A33-EB0E-B02F-7390909BD654}.Debug|Any CPU.ActiveCfg = Debug|Any CPU
		{53DFF54D-0A33-EB0E-B02F-7390909BD654}.Debug|Any CPU.Build.0 = Debug|Any CPU
		{53DFF54D-0A33-EB0E-B02F-7390909BD654}.Release|Any CPU.ActiveCfg = Release|Any CPU
		{53DFF54D-0A33-EB0E-B02F-7390909BD654}.Release|Any CPU.Build.0 = Release|Any CPU
		{FBCF9536-F4A4-4910-8426-D2F5550D7052}.Debug|Any CPU.ActiveCfg = Debug|Any CPU
		{FBCF9536-F4A4-4910-8426-D2F5550D7052}.Debug|Any CPU.Build.0 = Debug|Any CPU
		{FBCF9536-F4A4-4910-8426-D2F5550D7052}.Release|Any CPU.ActiveCfg = Release|Any CPU
		{FBCF9536-F4A4-4910-8426-D2F5550D7052}.Release|Any CPU.Build.0 = Release|Any CPU
		{86B35250-0E2A-4E37-BFDF-CC5BDE381BA0}.Debug|Any CPU.ActiveCfg = Debug|Any CPU
		{86B35250-0E2A-4E37-BFDF-CC5BDE381BA0}.Debug|Any CPU.Build.0 = Debug|Any CPU
		{86B35250-0E2A-4E37-BFDF-CC5BDE381BA0}.Release|Any CPU.ActiveCfg = Release|Any CPU
		{86B35250-0E2A-4E37-BFDF-CC5BDE381BA0}.Release|Any CPU.Build.0 = Release|Any CPU
		{581902A2-2833-42BB-B1AE-3D3E7D7C0FB9}.Debug|Any CPU.ActiveCfg = Debug|Any CPU
		{581902A2-2833-42BB-B1AE-3D3E7D7C0FB9}.Debug|Any CPU.Build.0 = Debug|Any CPU
		{581902A2-2833-42BB-B1AE-3D3E7D7C0FB9}.Release|Any CPU.ActiveCfg = Release|Any CPU
		{581902A2-2833-42BB-B1AE-3D3E7D7C0FB9}.Release|Any CPU.Build.0 = Release|Any CPU
		{83B2027E-F2EA-C0F4-D38A-271FCD605EF6}.Debug|Any CPU.ActiveCfg = Debug|Any CPU
		{83B2027E-F2EA-C0F4-D38A-271FCD605EF6}.Debug|Any CPU.Build.0 = Debug|Any CPU
		{83B2027E-F2EA-C0F4-D38A-271FCD605EF6}.Release|Any CPU.ActiveCfg = Release|Any CPU
		{83B2027E-F2EA-C0F4-D38A-271FCD605EF6}.Release|Any CPU.Build.0 = Release|Any CPU
		{7CB24C38-157B-8691-811B-F94CADDA8E0F}.Debug|Any CPU.ActiveCfg = Debug|Any CPU
		{7CB24C38-157B-8691-811B-F94CADDA8E0F}.Debug|Any CPU.Build.0 = Debug|Any CPU
		{7CB24C38-157B-8691-811B-F94CADDA8E0F}.Release|Any CPU.ActiveCfg = Release|Any CPU
		{7CB24C38-157B-8691-811B-F94CADDA8E0F}.Release|Any CPU.Build.0 = Release|Any CPU
		{5698D830-3B68-ECB0-9ECC-EC13D06CC2EE}.Debug|Any CPU.ActiveCfg = Debug|Any CPU
		{5698D830-3B68-ECB0-9ECC-EC13D06CC2EE}.Debug|Any CPU.Build.0 = Debug|Any CPU
		{5698D830-3B68-ECB0-9ECC-EC13D06CC2EE}.Release|Any CPU.ActiveCfg = Release|Any CPU
		{5698D830-3B68-ECB0-9ECC-EC13D06CC2EE}.Release|Any CPU.Build.0 = Release|Any CPU
		{E2CEB948-3C1E-416C-8980-4390021FE58D}.Debug|Any CPU.ActiveCfg = Debug|Any CPU
		{E2CEB948-3C1E-416C-8980-4390021FE58D}.Debug|Any CPU.Build.0 = Debug|Any CPU
		{E2CEB948-3C1E-416C-8980-4390021FE58D}.Release|Any CPU.ActiveCfg = Release|Any CPU
		{E2CEB948-3C1E-416C-8980-4390021FE58D}.Release|Any CPU.Build.0 = Release|Any CPU
		{81DDED9D-158B-E303-5F62-77A2896D2A5A}.Debug|Any CPU.ActiveCfg = Debug|Any CPU
		{81DDED9D-158B-E303-5F62-77A2896D2A5A}.Debug|Any CPU.Build.0 = Debug|Any CPU
		{81DDED9D-158B-E303-5F62-77A2896D2A5A}.Release|Any CPU.ActiveCfg = Release|Any CPU
		{81DDED9D-158B-E303-5F62-77A2896D2A5A}.Release|Any CPU.Build.0 = Release|Any CPU
	EndGlobalSection
	GlobalSection(SolutionProperties) = preSolution
		HideSolutionNode = FALSE
	EndGlobalSection
	GlobalSection(NestedProjects) = preSolution
		{53DFF54D-0A33-EB0E-B02F-7390909BD654} = {02EA681E-C7D8-13C7-8484-4AC65E1B71E8}
		{FBCF9536-F4A4-4910-8426-D2F5550D7052} = {50A705D3-F93A-4764-A917-2819894E618A}
		{86B35250-0E2A-4E37-BFDF-CC5BDE381BA0} = {50A705D3-F93A-4764-A917-2819894E618A}
		{581902A2-2833-42BB-B1AE-3D3E7D7C0FB9} = {7C8CD3EE-D780-4D35-B1CA-671E1462372E}
		{83B2027E-F2EA-C0F4-D38A-271FCD605EF6} = {A87CD217-24D4-4EC2-8AF7-186E0BDADF97}
		{7CB24C38-157B-8691-811B-F94CADDA8E0F} = {A87CD217-24D4-4EC2-8AF7-186E0BDADF97}
		{5698D830-3B68-ECB0-9ECC-EC13D06CC2EE} = {A87CD217-24D4-4EC2-8AF7-186E0BDADF97}
		{E2CEB948-3C1E-416C-8980-4390021FE58D} = {02EA681E-C7D8-13C7-8484-4AC65E1B71E8}
	EndGlobalSection
	GlobalSection(ExtensibilityGlobals) = postSolution
		SolutionGuid = {5A47494A-0EB3-41A1-92B4-8FEE2919FA9C}
	EndGlobalSection
EndGlobal
